
Microsoft Visual Studio Solution File, Format Version 12.00
# Visual Studio Version 17
VisualStudioVersion = 17.4.33403.182
MinimumVisualStudioVersion = 10.0.40219.1
Project("{FAE04EC0-301F-11D3-BF4B-00C04F79EFBC}") = "SMS", "SMS\SMS.csproj", "{B8E98114-6C41-4E71-ADEB-97551E1C48D8}"
EndProject
Global
	GlobalSection(SolutionConfigurationPlatforms) = preSolution
		Debug|Any CPU = Debug|Any CPU
		Release|Any CPU = Release|Any CPU
	EndGlobalSection
	GlobalSection(ProjectConfigurationPlatforms) = postSolution
		{B8E98114-6C41-4E71-ADEB-97551E1C48D8}.Debug|Any CPU.ActiveCfg = Debug|Any CPU
		{B8E98114-6C41-4E71-ADEB-97551E1C48D8}.Debug|Any CPU.Build.0 = Debug|Any CPU
		{B8E98114-6C41-4E71-ADEB-97551E1C48D8}.Debug|Any CPU.Deploy.0 = Debug|Any CPU
		{B8E98114-6C41-4E71-ADEB-97551E1C48D8}.Release|Any CPU.ActiveCfg = Release|Any CPU
		{B8E98114-6C41-4E71-ADEB-97551E1C48D8}.Release|Any CPU.Build.0 = Release|Any CPU
		{B8E98114-6C41-4E71-ADEB-97551E1C48D8}.Release|Any CPU.Deploy.0 = Release|Any CPU
	EndGlobalSection
	GlobalSection(SolutionProperties) = preSolution
		HideSolutionNode = FALSE
	EndGlobalSection
	GlobalSection(ExtensibilityGlobals) = postSolution
		SolutionGuid = {81D41070-C2D8-4997-9A7A-76FA1E4B3120}
	EndGlobalSection
EndGlobal
